// !$*UTF8*$!
{
	archiveVersion = 1;
	classes = {
	};
	objectVersion = 50;
	objects = {

/* Begin PBXBuildFile section */
		AD97D1FA2322AAF200172365 /* AppDelegate.swift in Sources */ = {isa = PBXBuildFile; fileRef = AD97D1F92322AAF200172365 /* AppDelegate.swift */; };
		AD97D1FC2322AAF200172365 /* SceneDelegate.swift in Sources */ = {isa = PBXBuildFile; fileRef = AD97D1FB2322AAF200172365 /* SceneDelegate.swift */; };
		AD97D1FE2322AAF200172365 /* ContentView.swift in Sources */ = {isa = PBXBuildFile; fileRef = AD97D1FD2322AAF200172365 /* ContentView.swift */; };
		AD97D2002322AAF400172365 /* Assets.xcassets in Resources */ = {isa = PBXBuildFile; fileRef = AD97D1FF2322AAF400172365 /* Assets.xcassets */; };
		AD97D2032322AAF400172365 /* Preview Assets.xcassets in Resources */ = {isa = PBXBuildFile; fileRef = AD97D2022322AAF400172365 /* Preview Assets.xcassets */; };
		AD97D2062322AAF400172365 /* LaunchScreen.storyboard in Resources */ = {isa = PBXBuildFile; fileRef = AD97D2042322AAF400172365 /* LaunchScreen.storyboard */; };
		AD97D20F2322ADA100172365 /* Pacifico-Regular.ttf in Resources */ = {isa = PBXBuildFile; fileRef = AD97D20E2322ADA100172365 /* Pacifico-Regular.ttf */; };
		AD97D2112322B5C900172365 /* InfoView.swift in Sources */ = {isa = PBXBuildFile; fileRef = AD97D2102322B5C900172365 /* InfoView.swift */; };
/* End PBXBuildFile section */

/* Begin PBXFileReference section */
		AD97D1F62322AAF200172365 /* AngelaCard.app */ = {isa = PBXFileReference; explicitFileType = wrapper.application; includeInIndex = 0; path = AngelaCard.app; sourceTree = BUILT_PRODUCTS_DIR; };
		AD97D1F92322AAF200172365 /* AppDelegate.swift */ = {isa = PBXFileReference; lastKnownFileType = sourcecode.swift; path = AppDelegate.swift; sourceTree = "<group>"; };
		AD97D1FB2322AAF200172365 /* SceneDelegate.swift */ = {isa = PBXFileReference; lastKnownFileType = sourcecode.swift; path = SceneDelegate.swift; sourceTree = "<group>"; };
		AD97D1FD2322AAF200172365 /* ContentView.swift */ = {isa = PBXFileReference; lastKnownFileType = sourcecode.swift; path = ContentView.swift; sourceTree = "<group>"; };
		AD97D1FF2322AAF400172365 /* Assets.xcassets */ = {isa = PBXFileReference; lastKnownFileType = folder.assetcatalog; path = Assets.xcassets; sourceTree = "<group>"; };
		AD97D2022322AAF400172365 /* Preview Assets.xcassets */ = {isa = PBXFileReference; lastKnownFileType = folder.assetcatalog; path = "Preview Assets.xcassets"; sourceTree = "<group>"; };
		AD97D2052322AAF400172365 /* Base */ = {isa = PBXFileReference; lastKnownFileType = file.storyboard; name = Base; path = Base.lproj/LaunchScreen.storyboard; sourceTree = "<group>"; };
		AD97D2072322AAF400172365 /* Info.plist */ = {isa = PBXFileReference; lastKnownFileType = text.plist.xml; path = Info.plist; sourceTree = "<group>"; };
		AD97D20E2322ADA100172365 /* Pacifico-Regular.ttf */ = {isa = PBXFileReference; lastKnownFileType = file; path = "Pacifico-Regular.ttf"; sourceTree = "<group>"; };
		AD97D2102322B5C900172365 /* InfoView.swift */ = {isa = PBXFileReference; lastKnownFileType = sourcecode.swift; path = InfoView.swift; sourceTree = "<group>"; };
/* End PBXFileReference section */

/* Begin PBXFrameworksBuildPhase section */
		AD97D1F32322AAF200172365 /* Frameworks */ = {
			isa = PBXFrameworksBuildPhase;
			buildActionMask = 2147483647;
			files = (
			);
			runOnlyForDeploymentPostprocessing = 0;
		};
/* End PBXFrameworksBuildPhase section */

/* Begin PBXGroup section */
		AD97D1ED2322AAF200172365 = {
			isa = PBXGroup;
			children = (
				AD97D1F82322AAF200172365 /* AngelaCard */,
				AD97D1F72322AAF200172365 /* Products */,
			);
			sourceTree = "<group>";
		};
		AD97D1F72322AAF200172365 /* Products */ = {
			isa = PBXGroup;
			children = (
				AD97D1F62322AAF200172365 /* AngelaCard.app */,
			);
			name = Products;
			sourceTree = "<group>";
		};
		AD97D1F82322AAF200172365 /* AngelaCard */ = {
			isa = PBXGroup;
			children = (
				AD97D20D2322AD8F00172365 /* fonts */,
				AD97D1F92322AAF200172365 /* AppDelegate.swift */,
				AD97D1FB2322AAF200172365 /* SceneDelegate.swift */,
				AD97D1FD2322AAF200172365 /* ContentView.swift */,
				AD97D2102322B5C900172365 /* InfoView.swift */,
				AD97D1FF2322AAF400172365 /* Assets.xcassets */,
				AD97D2042322AAF400172365 /* LaunchScreen.storyboard */,
				AD97D2072322AAF400172365 /* Info.plist */,
				AD97D2012322AAF400172365 /* Preview Content */,
			);
			path = AngelaCard;
			sourceTree = "<group>";
		};
		AD97D2012322AAF400172365 /* Preview Content */ = {
			isa = PBXGroup;
			children = (
				AD97D2022322AAF400172365 /* Preview Assets.xcassets */,
			);
			path = "Preview Content";
			sourceTree = "<group>";
		};
		AD97D20D2322AD8F00172365 /* fonts */ = {
			isa = PBXGroup;
			children = (
				AD97D20E2322ADA100172365 /* Pacifico-Regular.ttf */,
			);
			path = fonts;
			sourceTree = "<group>";
		};
/* End PBXGroup section */

/* Begin PBXNativeTarget section */
		AD97D1F52322AAF200172365 /* AngelaCard */ = {
			isa = PBXNativeTarget;
			buildConfigurationList = AD97D20A2322AAF400172365 /* Build configuration list for PBXNativeTarget "AngelaCard" */;
			buildPhases = (
				AD97D1F22322AAF200172365 /* Sources */,
				AD97D1F32322AAF200172365 /* Frameworks */,
				AD97D1F42322AAF200172365 /* Resources */,
			);
			buildRules = (
			);
			dependencies = (
			);
			name = AngelaCard;
			productName = AngelaCard;
			productReference = AD97D1F62322AAF200172365 /* AngelaCard.app */;
			productType = "com.apple.product-type.application";
		};
/* End PBXNativeTarget section */

/* Begin PBXProject section */
		AD97D1EE2322AAF200172365 /* Project object */ = {
			isa = PBXProject;
			attributes = {
				LastSwiftUpdateCheck = 1100;
				LastUpgradeCheck = 1100;
				ORGANIZATIONNAME = "Angela Yu";
				TargetAttributes = {
					AD97D1F52322AAF200172365 = {
						CreatedOnToolsVersion = 11.0;
					};
				};
			};
			buildConfigurationList = AD97D1F12322AAF200172365 /* Build configuration list for PBXProject "AngelaCard" */;
			compatibilityVersion = "Xcode 9.3";
			developmentRegion = en;
			hasScannedForEncodings = 0;
			knownRegions = (
				en,
				Base,
			);
			mainGroup = AD97D1ED2322AAF200172365;
			productRefGroup = AD97D1F72322AAF200172365 /* Products */;
			projectDirPath = "";
			projectRoot = "";
			targets = (
				AD97D1F52322AAF200172365 /* AngelaCard */,
			);
		};
/* End PBXProject section */

/* Begin PBXResourcesBuildPhase section */
		AD97D1F42322AAF200172365 /* Resources */ = {
			isa = PBXResourcesBuildPhase;
			buildActionMask = 2147483647;
			files = (
				AD97D2062322AAF400172365 /* LaunchScreen.storyboard in Resources */,
				AD97D20F2322ADA100172365 /* Pacifico-Regular.ttf in Resources */,
				AD97D2032322AAF400172365 /* Preview Assets.xcassets in Resources */,
				AD97D2002322AAF400172365 /* Assets.xcassets in Resources */,
			);
			runOnlyForDeploymentPostprocessing = 0;
		};
/* End PBXResourcesBuildPhase section */

/* Begin PBXSourcesBuildPhase section */
		AD97D1F22322AAF200172365 /* Sources */ = {
			isa = PBXSourcesBuildPhase;
			buildActionMask = 2147483647;
			files = (
				AD97D2112322B5C900172365 /* InfoView.swift in Sources */,
				AD97D1FA2322AAF200172365 /* AppDelegate.swift in Sources */,
				AD97D1FC2322AAF200172365 /* SceneDelegate.swift in Sources */,
				AD97D1FE2322AAF200172365 /* ContentView.swift in Sources */,
			);
			runOnlyForDeploymentPostprocessing = 0;
		};
/* End PBXSourcesBuildPhase section */

/* Begin PBXVariantGroup section */
		AD97D2042322AAF400172365 /* LaunchScreen.storyboard */ = {
			isa = PBXVariantGroup;
			children = (
				AD97D2052322AAF400172365 /* Base */,
			);
			name = LaunchScreen.storyboard;
			sourceTree = "<group>";
		};
/* End PBXVariantGroup section */

/* Begin XCBuildConfiguration section */
		AD97D2082322AAF400172365 /* Debug */ = {
			isa = XCBuildConfiguration;
			buildSettings = {
				ALWAYS_SEARCH_USER_PATHS = NO;
				CLANG_ANALYZER_NONNULL = YES;
				CLANG_ANALYZER_NUMBER_OBJECT_CONVERSION = YES_AGGRESSIVE;
				CLANG_CXX_LANGUAGE_STANDARD = "gnu++14";
				CLANG_CXX_LIBRARY = "libc++";
				CLANG_ENABLE_MODULES = YES;
				CLANG_ENABLE_OBJC_ARC = YES;
				CLANG_ENABLE_OBJC_WEAK = YES;
				CLANG_WARN_BLOCK_CAPTURE_AUTORELEASING = YES;
				CLANG_WARN_BOOL_CONVERSION = YES;
				CLANG_WARN_COMMA = YES;
				CLANG_WARN_CONSTANT_CONVERSION = YES;
				CLANG_WARN_DEPRECATED_OBJC_IMPLEMENTATIONS = YES;
				CLANG_WARN_DIRECT_OBJC_ISA_USAGE = YES_ERROR;
				CLANG_WARN_DOCUMENTATION_COMMENTS = YES;
				CLANG_WARN_EMPTY_BODY = YES;
				CLANG_WARN_ENUM_CONVERSION = YES;
				CLANG_WARN_INFINITE_RECURSION = YES;
				CLANG_WARN_INT_CONVERSION = YES;
				CLANG_WARN_NON_LITERAL_NULL_CONVERSION = YES;
				CLANG_WARN_OBJC_IMPLICIT_RETAIN_SELF = YES;
				CLANG_WARN_OBJC_LITERAL_CONVERSION = YES;
				CLANG_WARN_OBJC_ROOT_CLASS = YES_ERROR;
				CLANG_WARN_RANGE_LOOP_ANALYSIS = YES;
				CLANG_WARN_STRICT_PROTOTYPES = YES;
				CLANG_WARN_SUSPICIOUS_MOVE = YES;
				CLANG_WARN_UNGUARDED_AVAILABILITY = YES_AGGRESSIVE;
				CLANG_WARN_UNREACHABLE_CODE = YES;
				CLANG_WARN__DUPLICATE_METHOD_MATCH = YES;
				COPY_PHASE_STRIP = NO;
				DEBUG_INFORMATION_FORMAT = dwarf;
				ENABLE_STRICT_OBJC_MSGSEND = YES;
				ENABLE_TESTABILITY = YES;
				GCC_C_LANGUAGE_STANDARD = gnu11;
				GCC_DYNAMIC_NO_PIC = NO;
				GCC_NO_COMMON_BLOCKS = YES;
				GCC_OPTIMIZATION_LEVEL = 0;
				GCC_PREPROCESSOR_DEFINITIONS = (
					"DEBUG=1",
					"$(inherited)",
				);
				GCC_WARN_64_TO_32_BIT_CONVERSION = YES;
				GCC_WARN_ABOUT_RETURN_TYPE = YES_ERROR;
				GCC_WARN_UNDECLARED_SELECTOR = YES;
				GCC_WARN_UNINITIALIZED_AUTOS = YES_AGGRESSIVE;
				GCC_WARN_UNUSED_FUNCTION = YES;
				GCC_WARN_UNUSED_VARIABLE = YES;
				IPHONEOS_DEPLOYMENT_TARGET = 13.0;
				MTL_ENABLE_DEBUG_INFO = INCLUDE_SOURCE;
				MTL_FAST_MATH = YES;
				ONLY_ACTIVE_ARCH = YES;
				SDKROOT = iphoneos;
				SWIFT_ACTIVE_COMPILATION_CONDITIONS = DEBUG;
				SWIFT_OPTIMIZATION_LEVEL = "-Onone";
			};
			name = Debug;
		};
		AD97D2092322AAF400172365 /* Release */ = {
			isa = XCBuildConfiguration;
			buildSettings = {
				ALWAYS_SEARCH_USER_PATHS = NO;
				CLANG_ANALYZER_NONNULL = YES;
				CLANG_ANALYZER_NUMBER_OBJECT_CONVERSION = YES_AGGRESSIVE;
				CLANG_CXX_LANGUAGE_STANDARD = "gnu++14";
				CLANG_CXX_LIBRARY = "libc++";
				CLANG_ENABLE_MODULES = YES;
				CLANG_ENABLE_OBJC_ARC = YES;
				CLANG_ENABLE_OBJC_WEAK = YES;
				CLANG_WARN_BLOCK_CAPTURE_AUTORELEASING = YES;
				CLANG_WARN_BOOL_CONVERSION = YES;
				CLANG_WARN_COMMA = YES;
				CLANG_WARN_CONSTANT_CONVERSION = YES;
				CLANG_WARN_DEPRECATED_OBJC_IMPLEMENTATIONS = YES;
				CLANG_WARN_DIRECT_OBJC_ISA_USAGE = YES_ERROR;
				CLANG_WARN_DOCUMENTATION_COMMENTS = YES;
				CLANG_WARN_EMPTY_BODY = YES;
				CLANG_WARN_ENUM_CONVERSION = YES;
				CLANG_WARN_INFINITE_RECURSION = YES;
				CLANG_WARN_INT_CONVERSION = YES;
				CLANG_WARN_NON_LITERAL_NULL_CONVERSION = YES;
				CLANG_WARN_OBJC_IMPLICIT_RETAIN_SELF = YES;
				CLANG_WARN_OBJC_LITERAL_CONVERSION = YES;
				CLANG_WARN_OBJC_ROOT_CLASS = YES_ERROR;
				CLANG_WARN_RANGE_LOOP_ANALYSIS = YES;
				CLANG_WARN_STRICT_PROTOTYPES = YES;
				CLANG_WARN_SUSPICIOUS_MOVE = YES;
				CLANG_WARN_UNGUARDED_AVAILABILITY = YES_AGGRESSIVE;
				CLANG_WARN_UNREACHABLE_CODE = YES;
				CLANG_WARN__DUPLICATE_METHOD_MATCH = YES;
				COPY_PHASE_STRIP = NO;
				DEBUG_INFORMATION_FORMAT = "dwarf-with-dsym";
				ENABLE_NS_ASSERTIONS = NO;
				ENABLE_STRICT_OBJC_MSGSEND = YES;
				GCC_C_LANGUAGE_STANDARD = gnu11;
				GCC_NO_COMMON_BLOCKS = YES;
				GCC_WARN_64_TO_32_BIT_CONVERSION = YES;
				GCC_WARN_ABOUT_RETURN_TYPE = YES_ERROR;
				GCC_WARN_UNDECLARED_SELECTOR = YES;
				GCC_WARN_UNINITIALIZED_AUTOS = YES_AGGRESSIVE;
				GCC_WARN_UNUSED_FUNCTION = YES;
				GCC_WARN_UNUSED_VARIABLE = YES;
				IPHONEOS_DEPLOYMENT_TARGET = 13.0;
				MTL_ENABLE_DEBUG_INFO = NO;
				MTL_FAST_MATH = YES;
				SDKROOT = iphoneos;
				SWIFT_COMPILATION_MODE = wholemodule;
				SWIFT_OPTIMIZATION_LEVEL = "-O";
				VALIDATE_PRODUCT = YES;
			};
			name = Release;
		};
		AD97D20B2322AAF400172365 /* Debug */ = {
			isa = XCBuildConfiguration;
			buildSettings = {
				ASSETCATALOG_COMPILER_APPICON_NAME = AppIcon;
				CODE_SIGN_STYLE = Automatic;
				DEVELOPMENT_ASSET_PATHS = "\"AngelaCard/Preview Content\"";
				DEVELOPMENT_TEAM = 3ECFYJZ64T;
				ENABLE_PREVIEWS = YES;
				INFOPLIST_FILE = AngelaCard/Info.plist;
				LD_RUNPATH_SEARCH_PATHS = (
					"$(inherited)",
					"@executable_path/Frameworks",
				);
				PRODUCT_BUNDLE_IDENTIFIER = com.AngelaYu.AngelaCard;
				PRODUCT_NAME = "$(TARGET_NAME)";
				SWIFT_VERSION = 5.0;
				TARGETED_DEVICE_FAMILY = "1,2";
			};
			name = Debug;
		};
		AD97D20C2322AAF400172365 /* Release */ = {
			isa = XCBuildConfiguration;
			buildSettings = {
				ASSETCATALOG_COMPILER_APPICON_NAME = AppIcon;
				CODE_SIGN_STYLE = Automatic;
				DEVELOPMENT_ASSET_PATHS = "\"AngelaCard/Preview Content\"";
				DEVELOPMENT_TEAM = 3ECFYJZ64T;
				ENABLE_PREVIEWS = YES;
				INFOPLIST_FILE = AngelaCard/Info.plist;
				LD_RUNPATH_SEARCH_PATHS = (
					"$(inherited)",
					"@executable_path/Frameworks",
				);
				PRODUCT_BUNDLE_IDENTIFIER = com.AngelaYu.AngelaCard;
				PRODUCT_NAME = "$(TARGET_NAME)";
				SWIFT_VERSION = 5.0;
				TARGETED_DEVICE_FAMILY = "1,2";
			};
			name = Release;
		};
/* End XCBuildConfiguration section */

/* Begin XCConfigurationList section */
		AD97D1F12322AAF200172365 /* Build configuration list for PBXProject "AngelaCard" */ = {
			isa = XCConfigurationList;
			buildConfigurations = (
				AD97D2082322AAF400172365 /* Debug */,
				AD97D2092322AAF400172365 /* Release */,
			);
			defaultConfigurationIsVisible = 0;
			defaultConfigurationName = Release;
		};
		AD97D20A2322AAF400172365 /* Build configuration list for PBXNativeTarget "AngelaCard" */ = {
			isa = XCConfigurationList;
			buildConfigurations = (
				AD97D20B2322AAF400172365 /* Debug */,
				AD97D20C2322AAF400172365 /* Release */,
			);
			defaultConfigurationIsVisible = 0;
			defaultConfigurationName = Release;
		};
/* End XCConfigurationList section */
	};
	rootObject = AD97D1EE2322AAF200172365 /* Project object */;
}
